
Microsoft Visual Studio Solution File, Format Version 12.00
# Visual Studio Version 17
VisualStudioVersion = 17.4.33205.214
MinimumVisualStudioVersion = 10.0.40219.1
Project("{9A19103F-16F7-4668-BE54-9A1E7A4F7556}") = "DataManagerAPI", "DataManagerAPI\DataManagerAPI.csproj", "{A540BD0F-A4A4-4148-9399-69167D6FE893}"
EndProject
Project("{9A19103F-16F7-4668-BE54-9A1E7A4F7556}") = "DataManagerAPI.Tests", "DataManagerAPI.Tests\DataManagerAPI.Tests.csproj", "{24864967-ED6A-45C6-8065-EA657F2F7BD7}"
EndProject
Project("{2150E333-8FDC-42A3-9474-1A3956D46DE8}") = "Solution Items", "Solution Items", "{1A7C27D5-BD7B-4D2E-96E5-A08B343CD773}"
	ProjectSection(SolutionItems) = preProject
		CodeCoverage.runsettings = CodeCoverage.runsettings
	EndProjectSection
EndProject
Project("{9A19103F-16F7-4668-BE54-9A1E7A4F7556}") = "DataManagerAPI.Repository", "DataManagerAPI.Repository\DataManagerAPI.Repository.csproj", "{AE7E8C96-A481-4750-884E-B091D91CA5CD}"
EndProject
Project("{9A19103F-16F7-4668-BE54-9A1E7A4F7556}") = "DataManagerAPI.Repository.Abstractions", "DataManagerAPI.Repository.Abstractions\DataManagerAPI.Repository.Abstractions.csproj", "{1D966F31-F6AF-493E-95AA-6F2D5D4FCEC2}"
EndProject
Project("{9A19103F-16F7-4668-BE54-9A1E7A4F7556}") = "DataManagerAPI.Dto", "DataManagerAPI.Dto\DataManagerAPI.Dto.csproj", "{DC0135D8-807F-449E-BAD0-EA5BC2A401C0}"
EndProject
Project("{FAE04EC0-301F-11D3-BF4B-00C04F79EFBC}") = "DataManagerAPI.PostgresDB", "DataManagerAPI.PostgresDB\DataManagerAPI.PostgresDB.csproj", "{75BA8EBB-9219-44FA-AAF9-F084EBC91535}"
EndProject
Global
	GlobalSection(SolutionConfigurationPlatforms) = preSolution
		Debug|Any CPU = Debug|Any CPU
		Release|Any CPU = Release|Any CPU
	EndGlobalSection
	GlobalSection(ProjectConfigurationPlatforms) = postSolution
		{A540BD0F-A4A4-4148-9399-69167D6FE893}.Debug|Any CPU.ActiveCfg = Debug|Any CPU
		{A540BD0F-A4A4-4148-9399-69167D6FE893}.Debug|Any CPU.Build.0 = Debug|Any CPU
		{A540BD0F-A4A4-4148-9399-69167D6FE893}.Release|Any CPU.ActiveCfg = Release|Any CPU
		{A540BD0F-A4A4-4148-9399-69167D6FE893}.Release|Any CPU.Build.0 = Release|Any CPU
		{24864967-ED6A-45C6-8065-EA657F2F7BD7}.Debug|Any CPU.ActiveCfg = Debug|Any CPU
		{24864967-ED6A-45C6-8065-EA657F2F7BD7}.Debug|Any CPU.Build.0 = Debug|Any CPU
		{24864967-ED6A-45C6-8065-EA657F2F7BD7}.Release|Any CPU.ActiveCfg = Release|Any CPU
		{24864967-ED6A-45C6-8065-EA657F2F7BD7}.Release|Any CPU.Build.0 = Release|Any CPU
		{AE7E8C96-A481-4750-884E-B091D91CA5CD}.Debug|Any CPU.ActiveCfg = Debug|Any CPU
		{AE7E8C96-A481-4750-884E-B091D91CA5CD}.Debug|Any CPU.Build.0 = Debug|Any CPU
		{AE7E8C96-A481-4750-884E-B091D91CA5CD}.Release|Any CPU.ActiveCfg = Release|Any CPU
		{AE7E8C96-A481-4750-884E-B091D91CA5CD}.Release|Any CPU.Build.0 = Release|Any CPU
		{1D966F31-F6AF-493E-95AA-6F2D5D4FCEC2}.Debug|Any CPU.ActiveCfg = Debug|Any CPU
		{1D966F31-F6AF-493E-95AA-6F2D5D4FCEC2}.Debug|Any CPU.Build.0 = Debug|Any CPU
		{1D966F31-F6AF-493E-95AA-6F2D5D4FCEC2}.Release|Any CPU.ActiveCfg = Release|Any CPU
		{1D966F31-F6AF-493E-95AA-6F2D5D4FCEC2}.Release|Any CPU.Build.0 = Release|Any CPU
		{DC0135D8-807F-449E-BAD0-EA5BC2A401C0}.Debug|Any CPU.ActiveCfg = Debug|Any CPU
		{DC0135D8-807F-449E-BAD0-EA5BC2A401C0}.Debug|Any CPU.Build.0 = Debug|Any CPU
		{DC0135D8-807F-449E-BAD0-EA5BC2A401C0}.Release|Any CPU.ActiveCfg = Release|Any CPU
		{DC0135D8-807F-449E-BAD0-EA5BC2A401C0}.Release|Any CPU.Build.0 = Release|Any CPU
		{75BA8EBB-9219-44FA-AAF9-F084EBC91535}.Debug|Any CPU.ActiveCfg = Debug|Any CPU
		{75BA8EBB-9219-44FA-AAF9-F084EBC91535}.Debug|Any CPU.Build.0 = Debug|Any CPU
		{75BA8EBB-9219-44FA-AAF9-F084EBC91535}.Release|Any CPU.ActiveCfg = Release|Any CPU
		{75BA8EBB-9219-44FA-AAF9-F084EBC91535}.Release|Any CPU.Build.0 = Release|Any CPU
	EndGlobalSection
	GlobalSection(SolutionProperties) = preSolution
		HideSolutionNode = FALSE
	EndGlobalSection
	GlobalSection(ExtensibilityGlobals) = postSolution
		SolutionGuid = {18D80507-F4FC-4599-8C67-7603EE30F1E4}
	EndGlobalSection
EndGlobal
